
Microsoft Visual Studio Solution File, Format Version 12.00
# Visual Studio Version 17
VisualStudioVersion = 17.5.33414.496
MinimumVisualStudioVersion = 10.0.40219.1
Project("{FAE04EC0-301F-11D3-BF4B-00C04F79EFBC}") = "webAPI1", "webAPI1\webAPI1.csproj", "{FE0BDE76-9A6F-44C0-963C-405B5C728F64}"
EndProject
Global
	GlobalSection(SolutionConfigurationPlatforms) = preSolution
		Debug|Any CPU = Debug|Any CPU
		Release|Any CPU = Release|Any CPU
	EndGlobalSection
	GlobalSection(ProjectConfigurationPlatforms) = postSolution
		{FE0BDE76-9A6F-44C0-963C-405B5C728F64}.Debug|Any CPU.ActiveCfg = Debug|Any CPU
		{FE0BDE76-9A6F-44C0-963C-405B5C728F64}.Debug|Any CPU.Build.0 = Debug|Any CPU
		{FE0BDE76-9A6F-44C0-963C-405B5C728F64}.Release|Any CPU.ActiveCfg = Release|Any CPU
		{FE0BDE76-9A6F-44C0-963C-405B5C728F64}.Release|Any CPU.Build.0 = Release|Any CPU
	EndGlobalSection
	GlobalSection(SolutionProperties) = preSolution
		HideSolutionNode = FALSE
	EndGlobalSection
	GlobalSection(ExtensibilityGlobals) = postSolution
		SolutionGuid = {A40DA6AF-AF86-446A-9E28-2284F6E1A98C}
	EndGlobalSection
EndGlobal
