
Microsoft Visual Studio Solution File, Format Version 12.00
# Visual Studio Version 17
VisualStudioVersion = 17.5.33414.496
MinimumVisualStudioVersion = 10.0.40219.1
Project("{FAE04EC0-301F-11D3-BF4B-00C04F79EFBC}") = "webLuyenKtra2", "webLuyenKtra2\webLuyenKtra2.csproj", "{8104CCF8-9C4D-4AD3-B8D4-51E48A821FB0}"
EndProject
Global
	GlobalSection(SolutionConfigurationPlatforms) = preSolution
		Debug|Any CPU = Debug|Any CPU
		Release|Any CPU = Release|Any CPU
	EndGlobalSection
	GlobalSection(ProjectConfigurationPlatforms) = postSolution
		{8104CCF8-9C4D-4AD3-B8D4-51E48A821FB0}.Debug|Any CPU.ActiveCfg = Debug|Any CPU
		{8104CCF8-9C4D-4AD3-B8D4-51E48A821FB0}.Debug|Any CPU.Build.0 = Debug|Any CPU
		{8104CCF8-9C4D-4AD3-B8D4-51E48A821FB0}.Release|Any CPU.ActiveCfg = Release|Any CPU
		{8104CCF8-9C4D-4AD3-B8D4-51E48A821FB0}.Release|Any CPU.Build.0 = Release|Any CPU
	EndGlobalSection
	GlobalSection(SolutionProperties) = preSolution
		HideSolutionNode = FALSE
	EndGlobalSection
	GlobalSection(ExtensibilityGlobals) = postSolution
		SolutionGuid = {6822C6C9-30DF-4737-9648-2A384CC3A1B2}
	EndGlobalSection
EndGlobal
