
Microsoft Visual Studio Solution File, Format Version 12.00
# Visual Studio Version 17
VisualStudioVersion = 17.3.32825.248
MinimumVisualStudioVersion = 10.0.40219.1
Project("{FAE04EC0-301F-11D3-BF4B-00C04F79EFBC}") = "WebApplication2", "WebApplication2.csproj", "{138D7D4C-0DBF-4FA3-A13B-8D50CF3E3AAB}"
EndProject
Global
	GlobalSection(SolutionConfigurationPlatforms) = preSolution
		Debug|Any CPU = Debug|Any CPU
		Release|Any CPU = Release|Any CPU
	EndGlobalSection
	GlobalSection(ProjectConfigurationPlatforms) = postSolution
		{138D7D4C-0DBF-4FA3-A13B-8D50CF3E3AAB}.Debug|Any CPU.ActiveCfg = Debug|Any CPU
		{138D7D4C-0DBF-4FA3-A13B-8D50CF3E3AAB}.Debug|Any CPU.Build.0 = Debug|Any CPU
		{138D7D4C-0DBF-4FA3-A13B-8D50CF3E3AAB}.Release|Any CPU.ActiveCfg = Release|Any CPU
		{138D7D4C-0DBF-4FA3-A13B-8D50CF3E3AAB}.Release|Any CPU.Build.0 = Release|Any CPU
	EndGlobalSection
	GlobalSection(SolutionProperties) = preSolution
		HideSolutionNode = FALSE
	EndGlobalSection
	GlobalSection(ExtensibilityGlobals) = postSolution
		SolutionGuid = {4A18AAC6-D777-4D02-A88A-BDDF5E9962A8}
	EndGlobalSection
EndGlobal
